Microsoft Visual Studio Solution File, Format Version 12.00
# Visual Studio Version 17
VisualStudioVersion = 17.5.2.0
MinimumVisualStudioVersion = 10.0.40219.1
Project("{FAE04EC0-301F-11D3-BF4B-00C04F79EFBC}") = "ChirpWebDB", "ChirpWebDB.csproj", "{AC75C839-C029-C6A9-A0A8-7703983632A8}"
EndProject
Global
	GlobalSection(SolutionConfigurationPlatforms) = preSolution
		Debug|Any CPU = Debug|Any CPU
		Release|Any CPU = Release|Any CPU
	EndGlobalSection
	GlobalSection(ProjectConfigurationPlatforms) = postSolution
		{AC75C839-C029-C6A9-A0A8-7703983632A8}.Debug|Any CPU.ActiveCfg = Debug|Any CPU
		{AC75C839-C029-C6A9-A0A8-7703983632A8}.Debug|Any CPU.Build.0 = Debug|Any CPU
		{AC75C839-C029-C6A9-A0A8-7703983632A8}.Release|Any CPU.ActiveCfg = Release|Any CPU
		{AC75C839-C029-C6A9-A0A8-7703983632A8}.Release|Any CPU.Build.0 = Release|Any CPU
	EndGlobalSection
	GlobalSection(SolutionProperties) = preSolution
		HideSolutionNode = FALSE
	EndGlobalSection
	GlobalSection(ExtensibilityGlobals) = postSolution
		SolutionGuid = {A419D28E-DDCB-4E1B-BAF6-2D7617271453}
	EndGlobalSection
EndGlobal
